// !$*UTF8*$!
{
	archiveVersion = 1;
	classes = {
	};
	objectVersion = 46;
	objects = {

/* Begin PBXBuildFile section */
		EC036B1E1EBB78200054BB89 /* AppDelegate.swift in Sources */ = {isa = PBXBuildFile; fileRef = EC036B1D1EBB78200054BB89 /* AppDelegate.swift */; };
		EC036B201EBB78200054BB89 /* ViewController.swift in Sources */ = {isa = PBXBuildFile; fileRef = EC036B1F1EBB78200054BB89 /* ViewController.swift */; };
		EC036B231EBB78200054BB89 /* Main.storyboard in Resources */ = {isa = PBXBuildFile; fileRef = EC036B211EBB78200054BB89 /* Main.storyboard */; };
		EC036B251EBB78200054BB89 /* Assets.xcassets in Resources */ = {isa = PBXBuildFile; fileRef = EC036B241EBB78200054BB89 /* Assets.xcassets */; };
		EC036B281EBB78200054BB89 /* LaunchScreen.storyboard in Resources */ = {isa = PBXBuildFile; fileRef = EC036B261EBB78200054BB89 /* LaunchScreen.storyboard */; };
		EC036B331EBB78200054BB89 /* CoreGraphicsPracticeTests.swift in Sources */ = {isa = PBXBuildFile; fileRef = EC036B321EBB78200054BB89 /* CoreGraphicsPracticeTests.swift */; };
		EC036B3E1EBB78200054BB89 /* CoreGraphicsPracticeUITests.swift in Sources */ = {isa = PBXBuildFile; fileRef = EC036B3D1EBB78200054BB89 /* CoreGraphicsPracticeUITests.swift */; };
/* End PBXBuildFile section */

/* Begin PBXContainerItemProxy section */
		EC036B2F1EBB78200054BB89 /* PBXContainerItemProxy */ = {
			isa = PBXContainerItemProxy;
			containerPortal = EC036B121EBB78200054BB89 /* Project object */;
			proxyType = 1;
			remoteGlobalIDString = EC036B191EBB78200054BB89;
			remoteInfo = CoreGraphicsPractice;
		};
		EC036B3A1EBB78200054BB89 /* PBXContainerItemProxy */ = {
			isa = PBXContainerItemProxy;
			containerPortal = EC036B121EBB78200054BB89 /* Project object */;
			proxyType = 1;
			remoteGlobalIDString = EC036B191EBB78200054BB89;
			remoteInfo = CoreGraphicsPractice;
		};
/* End PBXContainerItemProxy section */

/* Begin PBXFileReference section */
		EC036B1A1EBB78200054BB89 /* CoreGraphicsPractice.app */ = {isa = PBXFileReference; explicitFileType = wrapper.application; includeInIndex = 0; path = CoreGraphicsPractice.app; sourceTree = BUILT_PRODUCTS_DIR; };
		EC036B1D1EBB78200054BB89 /* AppDelegate.swift */ = {isa = PBXFileReference; lastKnownFileType = sourcecode.swift; path = AppDelegate.swift; sourceTree = "<group>"; };
		EC036B1F1EBB78200054BB89 /* ViewController.swift */ = {isa = PBXFileReference; lastKnownFileType = sourcecode.swift; path = ViewController.swift; sourceTree = "<group>"; };
		EC036B221EBB78200054BB89 /* Base */ = {isa = PBXFileReference; lastKnownFileType = file.storyboard; name = Base; path = Base.lproj/Main.storyboard; sourceTree = "<group>"; };
		EC036B241EBB78200054BB89 /* Assets.xcassets */ = {isa = PBXFileReference; lastKnownFileType = folder.assetcatalog; path = Assets.xcassets; sourceTree = "<group>"; };
		EC036B271EBB78200054BB89 /* Base */ = {isa = PBXFileReference; lastKnownFileType = file.storyboard; name = Base; path = Base.lproj/LaunchScreen.storyboard; sourceTree = "<group>"; };
		EC036B291EBB78200054BB89 /* Info.plist */ = {isa = PBXFileReference; lastKnownFileType = text.plist.xml; path = Info.plist; sourceTree = "<group>"; };
		EC036B2E1EBB78200054BB89 /* CoreGraphicsPracticeTests.xctest */ = {isa = PBXFileReference; explicitFileType = wrapper.cfbundle; includeInIndex = 0; path = CoreGraphicsPracticeTests.xctest; sourceTree = BUILT_PRODUCTS_DIR; };
		EC036B321EBB78200054BB89 /* CoreGraphicsPracticeTests.swift */ = {isa = PBXFileReference; lastKnownFileType = sourcecode.swift; path = CoreGraphicsPracticeTests.swift; sourceTree = "<group>"; };
		EC036B341EBB78200054BB89 /* Info.plist */ = {isa = PBXFileReference; lastKnownFileType = text.plist.xml; path = Info.plist; sourceTree = "<group>"; };
		EC036B391EBB78200054BB89 /* CoreGraphicsPracticeUITests.xctest */ = {isa = PBXFileReference; explicitFileType = wrapper.cfbundle; includeInIndex = 0; path = CoreGraphicsPracticeUITests.xctest; sourceTree = BUILT_PRODUCTS_DIR; };
		EC036B3D1EBB78200054BB89 /* CoreGraphicsPracticeUITests.swift */ = {isa = PBXFileReference; lastKnownFileType = sourcecode.swift; path = CoreGraphicsPracticeUITests.swift; sourceTree = "<group>"; };
		EC036B3F1EBB78200054BB89 /* Info.plist */ = {isa = PBXFileReference; lastKnownFileType = text.plist.xml; path = Info.plist; sourceTree = "<group>"; };
/* End PBXFileReference section */

/* Begin PBXFrameworksBuildPhase section */
		EC036B171EBB78200054BB89 /* Frameworks */ = {
			isa = PBXFrameworksBuildPhase;
			buildActionMask = 2147483647;
			files = (
			);
			runOnlyForDeploymentPostprocessing = 0;
		};
		EC036B2B1EBB78200054BB89 /* Frameworks */ = {
			isa = PBXFrameworksBuildPhase;
			buildActionMask = 2147483647;
			files = (
			);
			runOnlyForDeploymentPostprocessing = 0;
		};
		EC036B361EBB78200054BB89 /* Frameworks */ = {
			isa = PBXFrameworksBuildPhase;
			buildActionMask = 2147483647;
			files = (
			);
			runOnlyForDeploymentPostprocessing = 0;
		};
/* End PBXFrameworksBuildPhase section */

/* Begin PBXGroup section */
		EC036B111EBB78200054BB89 = {
			isa = PBXGroup;
			children = (
				EC036B1C1EBB78200054BB89 /* CoreGraphicsPractice */,
				EC036B311EBB78200054BB89 /* CoreGraphicsPracticeTests */,
				EC036B3C1EBB78200054BB89 /* CoreGraphicsPracticeUITests */,
				EC036B1B1EBB78200054BB89 /* Products */,
			);
			sourceTree = "<group>";
		};
		EC036B1B1EBB78200054BB89 /* Products */ = {
			isa = PBXGroup;
			children = (
				EC036B1A1EBB78200054BB89 /* CoreGraphicsPractice.app */,
				EC036B2E1EBB78200054BB89 /* CoreGraphicsPracticeTests.xctest */,
				EC036B391EBB78200054BB89 /* CoreGraphicsPracticeUITests.xctest */,
			);
			name = Products;
			sourceTree = "<group>";
		};
		EC036B1C1EBB78200054BB89 /* CoreGraphicsPractice */ = {
			isa = PBXGroup;
			children = (
				EC036B1D1EBB78200054BB89 /* AppDelegate.swift */,
				EC036B1F1EBB78200054BB89 /* ViewController.swift */,
				EC036B211EBB78200054BB89 /* Main.storyboard */,
				EC036B241EBB78200054BB89 /* Assets.xcassets */,
				EC036B261EBB78200054BB89 /* LaunchScreen.storyboard */,
				EC036B291EBB78200054BB89 /* Info.plist */,
			);
			path = CoreGraphicsPractice;
			sourceTree = "<group>";
		};
		EC036B311EBB78200054BB89 /* CoreGraphicsPracticeTests */ = {
			isa = PBXGroup;
			children = (
				EC036B321EBB78200054BB89 /* CoreGraphicsPracticeTests.swift */,
				EC036B341EBB78200054BB89 /* Info.plist */,
			);
			path = CoreGraphicsPracticeTests;
			sourceTree = "<group>";
		};
		EC036B3C1EBB78200054BB89 /* CoreGraphicsPracticeUITests */ = {
			isa = PBXGroup;
			children = (
				EC036B3D1EBB78200054BB89 /* CoreGraphicsPracticeUITests.swift */,
				EC036B3F1EBB78200054BB89 /* Info.plist */,
			);
			path = CoreGraphicsPracticeUITests;
			sourceTree = "<group>";
		};
/* End PBXGroup section */

/* Begin PBXNativeTarget section */
		EC036B191EBB78200054BB89 /* CoreGraphicsPractice */ = {
			isa = PBXNativeTarget;
			buildConfigurationList = EC036B421EBB78200054BB89 /* Build configuration list for PBXNativeTarget "CoreGraphicsPractice" */;
			buildPhases = (
				EC036B161EBB78200054BB89 /* Sources */,
				EC036B171EBB78200054BB89 /* Frameworks */,
				EC036B181EBB78200054BB89 /* Resources */,
			);
			buildRules = (
			);
			dependencies = (
			);
			name = CoreGraphicsPractice;
			productName = CoreGraphicsPractice;
			productReference = EC036B1A1EBB78200054BB89 /* CoreGraphicsPractice.app */;
			productType = "com.apple.product-type.application";
		};
		EC036B2D1EBB78200054BB89 /* CoreGraphicsPracticeTests */ = {
			isa = PBXNativeTarget;
			buildConfigurationList = EC036B451EBB78200054BB89 /* Build configuration list for PBXNativeTarget "CoreGraphicsPracticeTests" */;
			buildPhases = (
				EC036B2A1EBB78200054BB89 /* Sources */,
				EC036B2B1EBB78200054BB89 /* Frameworks */,
				EC036B2C1EBB78200054BB89 /* Resources */,
			);
			buildRules = (
			);
			dependencies = (
				EC036B301EBB78200054BB89 /* PBXTargetDependency */,
			);
			name = CoreGraphicsPracticeTests;
			productName = CoreGraphicsPracticeTests;
			productReference = EC036B2E1EBB78200054BB89 /* CoreGraphicsPracticeTests.xctest */;
			productType = "com.apple.product-type.bundle.unit-test";
		};
		EC036B381EBB78200054BB89 /* CoreGraphicsPracticeUITests */ = {
			isa = PBXNativeTarget;
			buildConfigurationList = EC036B481EBB78200054BB89 /* Build configuration list for PBXNativeTarget "CoreGraphicsPracticeUITests" */;
			buildPhases = (
				EC036B351EBB78200054BB89 /* Sources */,
				EC036B361EBB78200054BB89 /* Frameworks */,
				EC036B371EBB78200054BB89 /* Resources */,
			);
			buildRules = (
			);
			dependencies = (
				EC036B3B1EBB78200054BB89 /* PBXTargetDependency */,
			);
			name = CoreGraphicsPracticeUITests;
			productName = CoreGraphicsPracticeUITests;
			productReference = EC036B391EBB78200054BB89 /* CoreGraphicsPracticeUITests.xctest */;
			productType = "com.apple.product-type.bundle.ui-testing";
		};
/* End PBXNativeTarget section */

/* Begin PBXProject section */
		EC036B121EBB78200054BB89 /* Project object */ = {
			isa = PBXProject;
			attributes = {
				LastSwiftUpdateCheck = 0830;
				LastUpgradeCheck = 0830;
				ORGANIZATIONNAME = "Patrick O'Leary";
				TargetAttributes = {
					EC036B191EBB78200054BB89 = {
						CreatedOnToolsVersion = 8.3;
						DevelopmentTeam = 7994H36MAA;
						ProvisioningStyle = Automatic;
					};
					EC036B2D1EBB78200054BB89 = {
						CreatedOnToolsVersion = 8.3;
						DevelopmentTeam = 7994H36MAA;
						ProvisioningStyle = Automatic;
						TestTargetID = EC036B191EBB78200054BB89;
					};
					EC036B381EBB78200054BB89 = {
						CreatedOnToolsVersion = 8.3;
						DevelopmentTeam = 7994H36MAA;
						ProvisioningStyle = Automatic;
						TestTargetID = EC036B191EBB78200054BB89;
					};
				};
			};
			buildConfigurationList = EC036B151EBB78200054BB89 /* Build configuration list for PBXProject "CoreGraphicsPractice" */;
			compatibilityVersion = "Xcode 3.2";
			developmentRegion = English;
			hasScannedForEncodings = 0;
			knownRegions = (
				en,
				Base,
			);
			mainGroup = EC036B111EBB78200054BB89;
			productRefGroup = EC036B1B1EBB78200054BB89 /* Products */;
			projectDirPath = "";
			projectRoot = "";
			targets = (
				EC036B191EBB78200054BB89 /* CoreGraphicsPractice */,
				EC036B2D1EBB78200054BB89 /* CoreGraphicsPracticeTests */,
				EC036B381EBB78200054BB89 /* CoreGraphicsPracticeUITests */,
			);
		};
/* End PBXProject section */

/* Begin PBXResourcesBuildPhase section */
		EC036B181EBB78200054BB89 /* Resources */ = {
			isa = PBXResourcesBuildPhase;
			buildActionMask = 2147483647;
			files = (
				EC036B281EBB78200054BB89 /* LaunchScreen.storyboard in Resources */,
				EC036B251EBB78200054BB89 /* Assets.xcassets in Resources */,
				EC036B231EBB78200054BB89 /* Main.storyboard in Resources */,
			);
			runOnlyForDeploymentPostprocessing = 0;
		};
		EC036B2C1EBB78200054BB89 /* Resources */ = {
			isa = PBXResourcesBuildPhase;
			buildActionMask = 2147483647;
			files = (
			);
			runOnlyForDeploymentPostprocessing = 0;
		};
		EC036B371EBB78200054BB89 /* Resources */ = {
			isa = PBXResourcesBuildPhase;
			buildActionMask = 2147483647;
			files = (
			);
			runOnlyForDeploymentPostprocessing = 0;
		};
/* End PBXResourcesBuildPhase section */

/* Begin PBXSourcesBuildPhase section */
		EC036B161EBB78200054BB89 /* Sources */ = {
			isa = PBXSourcesBuildPhase;
			buildActionMask = 2147483647;
			files = (
				EC036B201EBB78200054BB89 /* ViewController.swift in Sources */,
				EC036B1E1EBB78200054BB89 /* AppDelegate.swift in Sources */,
			);
			runOnlyForDeploymentPostprocessing = 0;
		};
		EC036B2A1EBB78200054BB89 /* Sources */ = {
			isa = PBXSourcesBuildPhase;
			buildActionMask = 2147483647;
			files = (
				EC036B331EBB78200054BB89 /* CoreGraphicsPracticeTests.swift in Sources */,
			);
			runOnlyForDeploymentPostprocessing = 0;
		};
		EC036B351EBB78200054BB89 /* Sources */ = {
			isa = PBXSourcesBuildPhase;
			buildActionMask = 2147483647;
			files = (
				EC036B3E1EBB78200054BB89 /* CoreGraphicsPracticeUITests.swift in Sources */,
			);
			runOnlyForDeploymentPostprocessing = 0;
		};
/* End PBXSourcesBuildPhase section */

/* Begin PBXTargetDependency section */
		EC036B301EBB78200054BB89 /* PBXTargetDependency */ = {
			isa = PBXTargetDependency;
			target = EC036B191EBB78200054BB89 /* CoreGraphicsPractice */;
			targetProxy = EC036B2F1EBB78200054BB89 /* PBXContainerItemProxy */;
		};
		EC036B3B1EBB78200054BB89 /* PBXTargetDependency */ = {
			isa = PBXTargetDependency;
			target = EC036B191EBB78200054BB89 /* CoreGraphicsPractice */;
			targetProxy = EC036B3A1EBB78200054BB89 /* PBXContainerItemProxy */;
		};
/* End PBXTargetDependency section */

/* Begin PBXVariantGroup section */
		EC036B211EBB78200054BB89 /* Main.storyboard */ = {
			isa = PBXVariantGroup;
			children = (
				EC036B221EBB78200054BB89 /* Base */,
			);
			name = Main.storyboard;
			sourceTree = "<group>";
		};
		EC036B261EBB78200054BB89 /* LaunchScreen.storyboard */ = {
			isa = PBXVariantGroup;
			children = (
				EC036B271EBB78200054BB89 /* Base */,
			);
			name = LaunchScreen.storyboard;
			sourceTree = "<group>";
		};
/* End PBXVariantGroup section */

/* Begin XCBuildConfiguration section */
		EC036B401EBB78200054BB89 /* Debug */ = {
			isa = XCBuildConfiguration;
			buildSettings = {
				ALWAYS_SEARCH_USER_PATHS = NO;
				CLANG_ANALYZER_NONNULL = YES;
				CLANG_ANALYZER_NUMBER_OBJECT_CONVERSION = YES_AGGRESSIVE;
				CLANG_CXX_LANGUAGE_STANDARD = "gnu++0x";
				CLANG_CXX_LIBRARY = "libc++";
				CLANG_ENABLE_MODULES = YES;
				CLANG_ENABLE_OBJC_ARC = YES;
				CLANG_WARN_BOOL_CONVERSION = YES;
				CLANG_WARN_CONSTANT_CONVERSION = YES;
				CLANG_WARN_DIRECT_OBJC_ISA_USAGE = YES_ERROR;
				CLANG_WARN_DOCUMENTATION_COMMENTS = YES;
				CLANG_WARN_EMPTY_BODY = YES;
				CLANG_WARN_ENUM_CONVERSION = YES;
				CLANG_WARN_INFINITE_RECURSION = YES;
				CLANG_WARN_INT_CONVERSION = YES;
				CLANG_WARN_OBJC_ROOT_CLASS = YES_ERROR;
				CLANG_WARN_SUSPICIOUS_MOVE = YES;
				CLANG_WARN_UNREACHABLE_CODE = YES;
				CLANG_WARN__DUPLICATE_METHOD_MATCH = YES;
				"CODE_SIGN_IDENTITY[sdk=iphoneos*]" = "iPhone Developer";
				COPY_PHASE_STRIP = NO;
				DEBUG_INFORMATION_FORMAT = dwarf;
				ENABLE_STRICT_OBJC_MSGSEND = YES;
				ENABLE_TESTABILITY = YES;
				GCC_C_LANGUAGE_STANDARD = gnu99;
				GCC_DYNAMIC_NO_PIC = NO;
				GCC_NO_COMMON_BLOCKS = YES;
				GCC_OPTIMIZATION_LEVEL = 0;
				GCC_PREPROCESSOR_DEFINITIONS = (
					"DEBUG=1",
					"$(inherited)",
				);
				GCC_WARN_64_TO_32_BIT_CONVERSION = YES;
				GCC_WARN_ABOUT_RETURN_TYPE = YES_ERROR;
				GCC_WARN_UNDECLARED_SELECTOR = YES;
				GCC_WARN_UNINITIALIZED_AUTOS = YES_AGGRESSIVE;
				GCC_WARN_UNUSED_FUNCTION = YES;
				GCC_WARN_UNUSED_VARIABLE = YES;
				IPHONEOS_DEPLOYMENT_TARGET = 10.3;
				MTL_ENABLE_DEBUG_INFO = YES;
				ONLY_ACTIVE_ARCH = YES;
				SDKROOT = iphoneos;
				SWIFT_ACTIVE_COMPILATION_CONDITIONS = DEBUG;
				SWIFT_OPTIMIZATION_LEVEL = "-Onone";
				TARGETED_DEVICE_FAMILY = "1,2";
			};
			name = Debug;
		};
		EC036B411EBB78200054BB89 /* Release */ = {
			isa = XCBuildConfiguration;
			buildSettings = {
				ALWAYS_SEARCH_USER_PATHS = NO;
				CLANG_ANALYZER_NONNULL = YES;
				CLANG_ANALYZER_NUMBER_OBJECT_CONVERSION = YES_AGGRESSIVE;
				CLANG_CXX_LANGUAGE_STANDARD = "gnu++0x";
				CLANG_CXX_LIBRARY = "libc++";
				CLANG_ENABLE_MODULES = YES;
				CLANG_ENABLE_OBJC_ARC = YES;
				CLANG_WARN_BOOL_CONVERSION = YES;
				CLANG_WARN_CONSTANT_CONVERSION = YES;
				CLANG_WARN_DIRECT_OBJC_ISA_USAGE = YES_ERROR;
				CLANG_WARN_DOCUMENTATION_COMMENTS = YES;
				CLANG_WARN_EMPTY_BODY = YES;
				CLANG_WARN_ENUM_CONVERSION = YES;
				CLANG_WARN_INFINITE_RECURSION = YES;
				CLANG_WARN_INT_CONVERSION = YES;
				CLANG_WARN_OBJC_ROOT_CLASS = YES_ERROR;
				CLANG_WARN_SUSPICIOUS_MOVE = YES;
				CLANG_WARN_UNREACHABLE_CODE = YES;
				CLANG_WARN__DUPLICATE_METHOD_MATCH = YES;
				"CODE_SIGN_IDENTITY[sdk=iphoneos*]" = "iPhone Developer";
				COPY_PHASE_STRIP = NO;
				DEBUG_INFORMATION_FORMAT = "dwarf-with-dsym";
				ENABLE_NS_ASSERTIONS = NO;
				ENABLE_STRICT_OBJC_MSGSEND = YES;
				GCC_C_LANGUAGE_STANDARD = gnu99;
				GCC_NO_COMMON_BLOCKS = YES;
				GCC_WARN_64_TO_32_BIT_CONVERSION = YES;
				GCC_WARN_ABOUT_RETURN_TYPE = YES_ERROR;
				GCC_WARN_UNDECLARED_SELECTOR = YES;
				GCC_WARN_UNINITIALIZED_AUTOS = YES_AGGRESSIVE;
				GCC_WARN_UNUSED_FUNCTION = YES;
				GCC_WARN_UNUSED_VARIABLE = YES;
				IPHONEOS_DEPLOYMENT_TARGET = 10.3;
				MTL_ENABLE_DEBUG_INFO = NO;
				SDKROOT = iphoneos;
				SWIFT_OPTIMIZATION_LEVEL = "-Owholemodule";
				TARGETED_DEVICE_FAMILY = "1,2";
				VALIDATE_PRODUCT = YES;
			};
			name = Release;
		};
		EC036B431EBB78200054BB89 /* Debug */ = {
			isa = XCBuildConfiguration;
			buildSettings = {
				ASSETCATALOG_COMPILER_APPICON_NAME = AppIcon;
				DEVELOPMENT_TEAM = 7994H36MAA;
				INFOPLIST_FILE = CoreGraphicsPractice/Info.plist;
				LD_RUNPATH_SEARCH_PATHS = "$(inherited) @executable_path/Frameworks";
				PRODUCT_BUNDLE_IDENTIFIER = SweetPea.CoreGraphicsPractice;
				PRODUCT_NAME = "$(TARGET_NAME)";
				SWIFT_VERSION = 3.0;
			};
			name = Debug;
		};
		EC036B441EBB78200054BB89 /* Release */ = {
			isa = XCBuildConfiguration;
			buildSettings = {
				ASSETCATALOG_COMPILER_APPICON_NAME = AppIcon;
				DEVELOPMENT_TEAM = 7994H36MAA;
				INFOPLIST_FILE = CoreGraphicsPractice/Info.plist;
				LD_RUNPATH_SEARCH_PATHS = "$(inherited) @executable_path/Frameworks";
				PRODUCT_BUNDLE_IDENTIFIER = SweetPea.CoreGraphicsPractice;
				PRODUCT_NAME = "$(TARGET_NAME)";
				SWIFT_VERSION = 3.0;
			};
			name = Release;
		};
		EC036B461EBB78200054BB89 /* Debug */ = {
			isa = XCBuildConfiguration;
			buildSettings = {
				ALWAYS_EMBED_SWIFT_STANDARD_LIBRARIES = YES;
				BUNDLE_LOADER = "$(TEST_HOST)";
				DEVELOPMENT_TEAM = 7994H36MAA;
				INFOPLIST_FILE = CoreGraphicsPracticeTests/Info.plist;
				LD_RUNPATH_SEARCH_PATHS = "$(inherited) @executable_path/Frameworks @loader_path/Frameworks";
				PRODUCT_BUNDLE_IDENTIFIER = SweetPea.CoreGraphicsPracticeTests;
				PRODUCT_NAME = "$(TARGET_NAME)";
				SWIFT_VERSION = 3.0;
				TEST_HOST = "$(BUILT_PRODUCTS_DIR)/CoreGraphicsPractice.app/CoreGraphicsPractice";
			};
			name = Debug;
		};
		EC036B471EBB78200054BB89 /* Release */ = {
			isa = XCBuildConfiguration;
			buildSettings = {
				ALWAYS_EMBED_SWIFT_STANDARD_LIBRARIES = YES;
				BUNDLE_LOADER = "$(TEST_HOST)";
				DEVELOPMENT_TEAM = 7994H36MAA;
				INFOPLIST_FILE = CoreGraphicsPracticeTests/Info.plist;
				LD_RUNPATH_SEARCH_PATHS = "$(inherited) @executable_path/Frameworks @loader_path/Frameworks";
				PRODUCT_BUNDLE_IDENTIFIER = SweetPea.CoreGraphicsPracticeTests;
				PRODUCT_NAME = "$(TARGET_NAME)";
				SWIFT_VERSION = 3.0;
				TEST_HOST = "$(BUILT_PRODUCTS_DIR)/CoreGraphicsPractice.app/CoreGraphicsPractice";
			};
			name = Release;
		};
		EC036B491EBB78200054BB89 /* Debug */ = {
			isa = XCBuildConfiguration;
			buildSettings = {
				ALWAYS_EMBED_SWIFT_STANDARD_LIBRARIES = YES;
				DEVELOPMENT_TEAM = 7994H36MAA;
				INFOPLIST_FILE = CoreGraphicsPracticeUITests/Info.plist;
				LD_RUNPATH_SEARCH_PATHS = "$(inherited) @executable_path/Frameworks @loader_path/Frameworks";
				PRODUCT_BUNDLE_IDENTIFIER = SweetPea.CoreGraphicsPracticeUITests;
				PRODUCT_NAME = "$(TARGET_NAME)";
				SWIFT_VERSION = 3.0;
				TEST_TARGET_NAME = CoreGraphicsPractice;
			};
			name = Debug;
		};
		EC036B4A1EBB78200054BB89 /* Release */ = {
			isa = XCBuildConfiguration;
			buildSettings = {
				ALWAYS_EMBED_SWIFT_STANDARD_LIBRARIES = YES;
				DEVELOPMENT_TEAM = 7994H36MAA;
				INFOPLIST_FILE = CoreGraphicsPracticeUITests/Info.plist;
				LD_RUNPATH_SEARCH_PATHS = "$(inherited) @executable_path/Frameworks @loader_path/Frameworks";
				PRODUCT_BUNDLE_IDENTIFIER = SweetPea.CoreGraphicsPracticeUITests;
				PRODUCT_NAME = "$(TARGET_NAME)";
				SWIFT_VERSION = 3.0;
				TEST_TARGET_NAME = CoreGraphicsPractice;
			};
			name = Release;
		};
/* End XCBuildConfiguration section */

/* Begin XCConfigurationList section */
		EC036B151EBB78200054BB89 /* Build configuration list for PBXProject "CoreGraphicsPractice" */ = {
			isa = XCConfigurationList;
			buildConfigurations = (
				EC036B401EBB78200054BB89 /* Debug */,
				EC036B411EBB78200054BB89 /* Release */,
			);
			defaultConfigurationIsVisible = 0;
			defaultConfigurationName = Release;
		};
		EC036B421EBB78200054BB89 /* Build configuration list for PBXNativeTarget "CoreGraphicsPractice" */ = {
			isa = XCConfigurationList;
			buildConfigurations = (
				EC036B431EBB78200054BB89 /* Debug */,
				EC036B441EBB78200054BB89 /* Release */,
			);
			defaultConfigurationIsVisible = 0;
		};
		EC036B451EBB78200054BB89 /* Build configuration list for PBXNativeTarget "CoreGraphicsPracticeTests" */ = {
			isa = XCConfigurationList;
			buildConfigurations = (
				EC036B461EBB78200054BB89 /* Debug */,
				EC036B471EBB78200054BB89 /* Release */,
			);
			defaultConfigurationIsVisible = 0;
		};
		EC036B481EBB78200054BB89 /* Build configuration list for PBXNativeTarget "CoreGraphicsPracticeUITests" */ = {
			isa = XCConfigurationList;
			buildConfigurations = (
				EC036B491EBB78200054BB89 /* Debug */,
				EC036B4A1EBB78200054BB89 /* Release */,
			);
			defaultConfigurationIsVisible = 0;
		};
/* End XCConfigurationList section */
	};
	rootObject = EC036B121EBB78200054BB89 /* Project object */;
}
